
Microsoft Visual Studio Solution File, Format Version 12.00
# Visual Studio Version 17
VisualStudioVersion = 17.13.35931.197
MinimumVisualStudioVersion = 10.0.40219.1
Project("{FAE04EC0-301F-11D3-BF4B-00C04F79EFBC}") = "Auction.UI", "Auction.UI\Auction.UI.csproj", "{D2EC0FB6-DACC-49E9-A2A6-10D70716B951}"
EndProject
Project("{FAE04EC0-301F-11D3-BF4B-00C04F79EFBC}") = "Auction.Model", "Auction.Model\Auction.Model.csproj", "{77C75388-30AB-4219-9576-7CAF3BE6536D}"
EndProject
Project("{FAE04EC0-301F-11D3-BF4B-00C04F79EFBC}") = "Auction.ViewModel", "Auction.ViewModel\Auction.ViewModel.csproj", "{86EAC73F-3340-4044-A7C4-8C4EF331B88E}"
EndProject
Global
	GlobalSection(SolutionConfigurationPlatforms) = preSolution
		Debug|Any CPU = Debug|Any CPU
		Release|Any CPU = Release|Any CPU
	EndGlobalSection
	GlobalSection(ProjectConfigurationPlatforms) = postSolution
		{D2EC0FB6-DACC-49E9-A2A6-10D70716B951}.Debug|Any CPU.ActiveCfg = Debug|Any CPU
		{D2EC0FB6-DACC-49E9-A2A6-10D70716B951}.Debug|Any CPU.Build.0 = Debug|Any CPU
		{D2EC0FB6-DACC-49E9-A2A6-10D70716B951}.Release|Any CPU.ActiveCfg = Release|Any CPU
		{D2EC0FB6-DACC-49E9-A2A6-10D70716B951}.Release|Any CPU.Build.0 = Release|Any CPU
		{77C75388-30AB-4219-9576-7CAF3BE6536D}.Debug|Any CPU.ActiveCfg = Debug|Any CPU
		{77C75388-30AB-4219-9576-7CAF3BE6536D}.Debug|Any CPU.Build.0 = Debug|Any CPU
		{77C75388-30AB-4219-9576-7CAF3BE6536D}.Release|Any CPU.ActiveCfg = Release|Any CPU
		{77C75388-30AB-4219-9576-7CAF3BE6536D}.Release|Any CPU.Build.0 = Release|Any CPU
		{86EAC73F-3340-4044-A7C4-8C4EF331B88E}.Debug|Any CPU.ActiveCfg = Debug|Any CPU
		{86EAC73F-3340-4044-A7C4-8C4EF331B88E}.Debug|Any CPU.Build.0 = Debug|Any CPU
		{86EAC73F-3340-4044-A7C4-8C4EF331B88E}.Release|Any CPU.ActiveCfg = Release|Any CPU
		{86EAC73F-3340-4044-A7C4-8C4EF331B88E}.Release|Any CPU.Build.0 = Release|Any CPU
	EndGlobalSection
	GlobalSection(SolutionProperties) = preSolution
		HideSolutionNode = FALSE
	EndGlobalSection
	GlobalSection(ExtensibilityGlobals) = postSolution
		SolutionGuid = {9FA3A982-33A8-45C4-A376-C3BF786109EE}
	EndGlobalSection
EndGlobal
